<?xml version="1.0" encoding="utf-8"?>
<Project ToolsVersion="4.0" xmlns="http://schemas.microsoft.com/developer/msbuild/2003">
  <ItemGroup>
    <Filter Include="ソース ファイル">
      <UniqueIdentifier>{4FC737F1-C7A5-4376-A066-2A32D752A2FF}</UniqueIdentifier>
      <Extensions>cpp;c;cc;cxx;c++;cppm;ixx;def;odl;idl;hpj;bat;asm;asmx</Extensions>
    </Filter>
    <Filter Include="ヘッダー ファイル">
      <UniqueIdentifier>{93995380-89BD-4b04-88EB-625FBE52EBFB}</UniqueIdentifier>
      <Extensions>h;hh;hpp;hxx;h++;hm;inl;inc;ipp;xsd</Extensions>
    </Filter>
    <Filter Include="リソース ファイル">
      <UniqueIdentifier>{67DA6AB6-F800-4c08-8B7A-83BB121AAD01}</UniqueIdentifier>
      <Extensions>rc;ico;cur;bmp;dlg;rc2;rct;bin;rgs;gif;jpg;jpeg;jpe;resx;tiff;tif;png;wav;mfcribbon-ms</Extensions>
    </Filter>
    <Filter Include="ソース ファイル\MyEngine">
      <UniqueIdentifier>{65795631-254e-45e2-b673-1a1fc96ad569}</UniqueIdentifier>
    </Filter>
    <Filter Include="ヘッダー ファイル\MyEngine">
      <UniqueIdentifier>{2e12b21f-90c3-4074-8590-211a8f2f68f4}</UniqueIdentifier>
    </Filter>
    <Filter Include="ソース ファイル\Scene">
      <UniqueIdentifier>{51533b2f-5fa9-40d8-86cd-9e0b65f97f1e}</UniqueIdentifier>
    </Filter>
    <Filter Include="ヘッダー ファイル\Scene">
      <UniqueIdentifier>{93346ee2-d50a-4e7a-9358-0d1862eaffcb}</UniqueIdentifier>
    </Filter>
    <Filter Include="ヘッダー ファイル\MyEngine\Physics">
      <UniqueIdentifier>{e0c510be-be75-4a83-948c-f0af96c6523c}</UniqueIdentifier>
    </Filter>
    <Filter Include="ヘッダー ファイル\MyEngine\Utility">
      <UniqueIdentifier>{461a559e-4c43-4f67-b99a-0868af875fca}</UniqueIdentifier>
    </Filter>
    <Filter Include="ソース ファイル\MyEngine\Utility">
      <UniqueIdentifier>{6408ddd0-c856-42e6-a02a-620e7cb8eafb}</UniqueIdentifier>
    </Filter>
    <Filter Include="ソース ファイル\MyEngine\Physics">
      <UniqueIdentifier>{a42f0105-1f1c-4c86-92f4-4d2938ab179b}</UniqueIdentifier>
    </Filter>
    <Filter Include="ソース ファイル\Character">
      <UniqueIdentifier>{f944eea4-8cfc-4bdf-8121-228340066792}</UniqueIdentifier>
    </Filter>
    <Filter Include="ヘッダー ファイル\Character">
      <UniqueIdentifier>{ddd521c4-f68e-459b-a065-22db8425b0bc}</UniqueIdentifier>
    </Filter>
  </ItemGroup>
  <ItemGroup>
    <ClCompile Include="Main.cpp">
      <Filter>ソース ファイル</Filter>
    </ClCompile>
    <ClCompile Include="Scene\SceneTitle.cpp">
      <Filter>ソース ファイル\Scene</Filter>
    </ClCompile>
    <ClCompile Include="Scene\SceneBase.cpp">
      <Filter>ソース ファイル\Scene</Filter>
    </ClCompile>
    <ClCompile Include="Scene\SceneGame.cpp">
      <Filter>ソース ファイル\Scene</Filter>
    </ClCompile>
    <ClCompile Include="Scene\SceneManager.cpp">
      <Filter>ソース ファイル\Scene</Filter>
    </ClCompile>
    <ClCompile Include="MyEngine\Utility\Input.cpp">
      <Filter>ソース ファイル\MyEngine\Utility</Filter>
    </ClCompile>
    <ClCompile Include="MyEngine\Utility\Vector2.cpp">
      <Filter>ソース ファイル\MyEngine\Utility</Filter>
    </ClCompile>
    <ClCompile Include="MyEngine\Utility\Vector3.cpp">
      <Filter>ソース ファイル\MyEngine\Utility</Filter>
    </ClCompile>
    <ClCompile Include="MyEngine\Physics\Collidable.cpp">
      <Filter>ソース ファイル\MyEngine\Physics</Filter>
    </ClCompile>
    <ClCompile Include="Character\CharacterBase.cpp">
      <Filter>ソース ファイル\Character</Filter>
    </ClCompile>
    <ClCompile Include="MyEngine\Physics\Rigidbody.cpp">
      <Filter>ソース ファイル\MyEngine\Physics</Filter>
    </ClCompile>
    <ClCompile Include="MyEngine\Physics\Physics.cpp">
      <Filter>ソース ファイル\MyEngine\Physics</Filter>
    </ClCompile>
    <ClCompile Include="MyEngine\Physics\CapsuleColliderData.cpp">
      <Filter>ソース ファイル\MyEngine\Physics</Filter>
    </ClCompile>
    <ClCompile Include="MyEngine\Physics\SphereColliderData.cpp">
      <Filter>ソース ファイル\MyEngine\Physics</Filter>
    </ClCompile>
    <ClCompile Include="Character\Player.cpp">
      <Filter>ソース ファイル\Character</Filter>
    </ClCompile>
    <ClCompile Include="Scene\SceneSelect.cpp">
      <Filter>ソース ファイル\Scene</Filter>
    </ClCompile>
    <ClCompile Include="GameCamera.cpp">
      <Filter>ソース ファイル</Filter>
    </ClCompile>
    <ClCompile Include="Character\Enemy.cpp">
      <Filter>ソース ファイル\Character</Filter>
    </ClCompile>
    <ClCompile Include="AttackBase.cpp">
      <Filter>ソース ファイル</Filter>
    </ClCompile>
    <ClCompile Include="MyEngine\Utility\LoadCsv.cpp">
      <Filter>ソース ファイル\MyEngine\Utility</Filter>
    </ClCompile>
    <ClCompile Include="Ui.cpp">
      <Filter>ソース ファイル</Filter>
    </ClCompile>
    <ClCompile Include="DataManager.cpp">
      <Filter>ソース ファイル</Filter>
    </ClCompile>
    <ClCompile Include="TitleCamera.cpp">
      <Filter>ソース ファイル</Filter>
    </ClCompile>
    <ClCompile Include="PlayerStateBase.cpp">
      <Filter>ソース ファイル</Filter>
    </ClCompile>
    <ClCompile Include="PlayerStateIdle.cpp">
      <Filter>ソース ファイル</Filter>
    </ClCompile>
    <ClCompile Include="PlayerStateMove.cpp">
      <Filter>ソース ファイル</Filter>
    </ClCompile>
    <ClCompile Include="PlayerStateGuard.cpp">
      <Filter>ソース ファイル</Filter>
    </ClCompile>
    <ClCompile Include="PlayerStateDodge.cpp">
      <Filter>ソース ファイル</Filter>
    </ClCompile>
    <ClCompile Include="PlayerStateNormalEnergyAttack.cpp">
      <Filter>ソース ファイル</Filter>
    </ClCompile>
    <ClCompile Include="PlayerStateNormalPhysicalAttack.cpp">
      <Filter>ソース ファイル</Filter>
    </ClCompile>
    <ClCompile Include="PlayerStateSpecialEnergyAttack.cpp">
      <Filter>ソース ファイル</Filter>
    </ClCompile>
    <ClCompile Include="PlayerStateSpecialPhysicalAttack.cpp">
      <Filter>ソース ファイル</Filter>
    </ClCompile>
    <ClCompile Include="PlayerStateHitAttack.cpp">
      <Filter>ソース ファイル</Filter>
    </ClCompile>
    <ClCompile Include="PlayerStateAttack.cpp">
      <Filter>ソース ファイル</Filter>
    </ClCompile>
  </ItemGroup>
  <ItemGroup>
    <ClInclude Include="Scene\SceneBase.h">
      <Filter>ヘッダー ファイル\Scene</Filter>
    </ClInclude>
    <ClInclude Include="Scene\SceneGame.h">
      <Filter>ヘッダー ファイル\Scene</Filter>
    </ClInclude>
    <ClInclude Include="Scene\SceneManager.h">
      <Filter>ヘッダー ファイル\Scene</Filter>
    </ClInclude>
    <ClInclude Include="Scene\SceneTitle.h">
      <Filter>ヘッダー ファイル\Scene</Filter>
    </ClInclude>
    <ClInclude Include="MyEngine\Physics\ObjectTag.h">
      <Filter>ヘッダー ファイル\MyEngine\Physics</Filter>
    </ClInclude>
    <ClInclude Include="MyEngine\Physics\Collidable.h">
      <Filter>ヘッダー ファイル\MyEngine\Physics</Filter>
    </ClInclude>
    <ClInclude Include="MyEngine\Utility\Input.h">
      <Filter>ヘッダー ファイル\MyEngine\Utility</Filter>
    </ClInclude>
    <ClInclude Include="MyEngine\Utility\Vector2.h">
      <Filter>ヘッダー ファイル\MyEngine\Utility</Filter>
    </ClInclude>
    <ClInclude Include="MyEngine\Utility\Vector3.h">
      <Filter>ヘッダー ファイル\MyEngine\Utility</Filter>
    </ClInclude>
    <ClInclude Include="Character\CharacterBase.h">
      <Filter>ヘッダー ファイル\Character</Filter>
    </ClInclude>
    <ClInclude Include="MyEngine\Physics\Rigidbody.h">
      <Filter>ヘッダー ファイル\MyEngine\Physics</Filter>
    </ClInclude>
    <ClInclude Include="MyEngine\Physics\ColliderData.h">
      <Filter>ヘッダー ファイル\MyEngine\Physics</Filter>
    </ClInclude>
    <ClInclude Include="MyEngine\Physics\Physics.h">
      <Filter>ヘッダー ファイル\MyEngine\Physics</Filter>
    </ClInclude>
    <ClInclude Include="MyEngine\Physics\CapsuleColliderData.h">
      <Filter>ヘッダー ファイル\MyEngine\Physics</Filter>
    </ClInclude>
    <ClInclude Include="MyEngine\Physics\SphereColliderData.h">
      <Filter>ヘッダー ファイル\MyEngine\Physics</Filter>
    </ClInclude>
    <ClInclude Include="Character\Player.h">
      <Filter>ヘッダー ファイル\Character</Filter>
    </ClInclude>
    <ClInclude Include="Scene\SceneSelect.h">
      <Filter>ヘッダー ファイル\Scene</Filter>
    </ClInclude>
    <ClInclude Include="Game.h">
      <Filter>ヘッダー ファイル</Filter>
    </ClInclude>
    <ClInclude Include="GameCamera.h">
      <Filter>ヘッダー ファイル</Filter>
    </ClInclude>
    <ClInclude Include="Character\Enemy.h">
      <Filter>ヘッダー ファイル\Character</Filter>
    </ClInclude>
    <ClInclude Include="AttackBase.h">
      <Filter>ヘッダー ファイル</Filter>
    </ClInclude>
    <ClInclude Include="MyEngine\Utility\LoadCsv.h">
      <Filter>ヘッダー ファイル\MyEngine\Utility</Filter>
    </ClInclude>
    <ClInclude Include="CommandIdList.h">
      <Filter>ヘッダー ファイル</Filter>
    </ClInclude>
    <ClInclude Include="Ui.h">
      <Filter>ヘッダー ファイル</Filter>
    </ClInclude>
    <ClInclude Include="DataManager.h">
      <Filter>ヘッダー ファイル</Filter>
    </ClInclude>
    <ClInclude Include="TitleCamera.h">
      <Filter>ヘッダー ファイル</Filter>
    </ClInclude>
    <ClInclude Include="PlayerStateBase.h">
      <Filter>ヘッダー ファイル</Filter>
    </ClInclude>
    <ClInclude Include="PlayerStateIdle.h">
      <Filter>ヘッダー ファイル</Filter>
    </ClInclude>
    <ClInclude Include="PlayerStateMove.h">
      <Filter>ヘッダー ファイル</Filter>
    </ClInclude>
    <ClInclude Include="PlayerStateGuard.h">
      <Filter>ヘッダー ファイル</Filter>
    </ClInclude>
    <ClInclude Include="PlayerStateDodge.h">
      <Filter>ヘッダー ファイル</Filter>
    </ClInclude>
    <ClInclude Include="PlayerStateNormalEnergyAttack.h">
      <Filter>ヘッダー ファイル</Filter>
    </ClInclude>
    <ClInclude Include="PlayerStateNormalPhysicalAttack.h">
      <Filter>ヘッダー ファイル</Filter>
    </ClInclude>
    <ClInclude Include="PlayerStateSpecialEnergyAttack.h">
      <Filter>ヘッダー ファイル</Filter>
    </ClInclude>
    <ClInclude Include="PlayerStateSpecialPhysicalAttack.h">
      <Filter>ヘッダー ファイル</Filter>
    </ClInclude>
    <ClInclude Include="PlayerStateHitAttack.h">
      <Filter>ヘッダー ファイル</Filter>
    </ClInclude>
    <ClInclude Include="PlayerStateAll.h">
      <Filter>ヘッダー ファイル</Filter>
    </ClInclude>
    <ClInclude Include="PlayerStateAttack.h">
      <Filter>ヘッダー ファイル</Filter>
    </ClInclude>
  </ItemGroup>
</Project>